// !$*UTF8*$!
{
	archiveVersion = 1;
	classes = {
	};
	objectVersion = 50;
	objects = {

/* Begin PBXBuildFile section */
		5E0F6835213C764F00BD4193 /* CategoryViewController.swift in Sources */ = {isa = PBXBuildFile; fileRef = 5E0F6834213C764F00BD4193 /* CategoryViewController.swift */; };
		5E0F6839213D33DD00BD4193 /* Item.swift in Sources */ = {isa = PBXBuildFile; fileRef = 5E0F6838213D33DD00BD4193 /* Item.swift */; };
		5E0F683B213D33FC00BD4193 /* Category.swift in Sources */ = {isa = PBXBuildFile; fileRef = 5E0F683A213D33FC00BD4193 /* Category.swift */; };
		5EF4EE2521341B0900101E4E /* AppDelegate.swift in Sources */ = {isa = PBXBuildFile; fileRef = 5EF4EE2421341B0900101E4E /* AppDelegate.swift */; };
		5EF4EE2721341B0900101E4E /* TodoListViewController.swift in Sources */ = {isa = PBXBuildFile; fileRef = 5EF4EE2621341B0900101E4E /* TodoListViewController.swift */; };
		5EF4EE2A21341B0900101E4E /* Main.storyboard in Resources */ = {isa = PBXBuildFile; fileRef = 5EF4EE2821341B0900101E4E /* Main.storyboard */; };
		5EF4EE2C21341B0B00101E4E /* Assets.xcassets in Resources */ = {isa = PBXBuildFile; fileRef = 5EF4EE2B21341B0B00101E4E /* Assets.xcassets */; };
		5EF4EE2F21341B0B00101E4E /* LaunchScreen.storyboard in Resources */ = {isa = PBXBuildFile; fileRef = 5EF4EE2D21341B0B00101E4E /* LaunchScreen.storyboard */; };
		9581EE2C0D0E2D75E5ED5E3A /* Pods_Todoey.framework in Frameworks */ = {isa = PBXBuildFile; fileRef = 304EF8D6BD2C345EE1E406BE /* Pods_Todoey.framework */; };
/* End PBXBuildFile section */

/* Begin PBXFileReference section */
		304EF8D6BD2C345EE1E406BE /* Pods_Todoey.framework */ = {isa = PBXFileReference; explicitFileType = wrapper.framework; includeInIndex = 0; path = Pods_Todoey.framework; sourceTree = BUILT_PRODUCTS_DIR; };
		5E0F6834213C764F00BD4193 /* CategoryViewController.swift */ = {isa = PBXFileReference; lastKnownFileType = sourcecode.swift; path = CategoryViewController.swift; sourceTree = "<group>"; };
		5E0F6838213D33DD00BD4193 /* Item.swift */ = {isa = PBXFileReference; lastKnownFileType = sourcecode.swift; path = Item.swift; sourceTree = "<group>"; };
		5E0F683A213D33FC00BD4193 /* Category.swift */ = {isa = PBXFileReference; lastKnownFileType = sourcecode.swift; path = Category.swift; sourceTree = "<group>"; };
		5EF4EE2121341B0900101E4E /* Todoey.app */ = {isa = PBXFileReference; explicitFileType = wrapper.application; includeInIndex = 0; path = Todoey.app; sourceTree = BUILT_PRODUCTS_DIR; };
		5EF4EE2421341B0900101E4E /* AppDelegate.swift */ = {isa = PBXFileReference; lastKnownFileType = sourcecode.swift; path = AppDelegate.swift; sourceTree = "<group>"; };
		5EF4EE2621341B0900101E4E /* TodoListViewController.swift */ = {isa = PBXFileReference; lastKnownFileType = sourcecode.swift; path = TodoListViewController.swift; sourceTree = "<group>"; };
		5EF4EE2921341B0900101E4E /* Base */ = {isa = PBXFileReference; lastKnownFileType = file.storyboard; name = Base; path = Base.lproj/Main.storyboard; sourceTree = "<group>"; };
		5EF4EE2B21341B0B00101E4E /* Assets.xcassets */ = {isa = PBXFileReference; lastKnownFileType = folder.assetcatalog; path = Assets.xcassets; sourceTree = "<group>"; };
		5EF4EE2E21341B0B00101E4E /* Base */ = {isa = PBXFileReference; lastKnownFileType = file.storyboard; name = Base; path = Base.lproj/LaunchScreen.storyboard; sourceTree = "<group>"; };
		5EF4EE3021341B0B00101E4E /* Info.plist */ = {isa = PBXFileReference; lastKnownFileType = text.plist.xml; path = Info.plist; sourceTree = "<group>"; };
		A76123166CB120A3093C495A /* Pods-Todoey.debug.xcconfig */ = {isa = PBXFileReference; includeInIndex = 1; lastKnownFileType = text.xcconfig; name = "Pods-Todoey.debug.xcconfig"; path = "Pods/Target Support Files/Pods-Todoey/Pods-Todoey.debug.xcconfig"; sourceTree = "<group>"; };
		CC2980261BC0002885CC7FD2 /* Pods-Todoey.release.xcconfig */ = {isa = PBXFileReference; includeInIndex = 1; lastKnownFileType = text.xcconfig; name = "Pods-Todoey.release.xcconfig"; path = "Pods/Target Support Files/Pods-Todoey/Pods-Todoey.release.xcconfig"; sourceTree = "<group>"; };
/* End PBXFileReference section */

/* Begin PBXFrameworksBuildPhase section */
		5EF4EE1E21341B0900101E4E /* Frameworks */ = {
			isa = PBXFrameworksBuildPhase;
			buildActionMask = 2147483647;
			files = (
				9581EE2C0D0E2D75E5ED5E3A /* Pods_Todoey.framework in Frameworks */,
			);
			runOnlyForDeploymentPostprocessing = 0;
		};
/* End PBXFrameworksBuildPhase section */

/* Begin PBXGroup section */
		5E0F680C213A9F5900BD4193 /* Data Model */ = {
			isa = PBXGroup;
			children = (
				5E0F6838213D33DD00BD4193 /* Item.swift */,
				5E0F683A213D33FC00BD4193 /* Category.swift */,
			);
			path = "Data Model";
			sourceTree = "<group>";
		};
		5E0F680D213A9F7200BD4193 /* Controllers */ = {
			isa = PBXGroup;
			children = (
				5E0F6834213C764F00BD4193 /* CategoryViewController.swift */,
				5EF4EE2621341B0900101E4E /* TodoListViewController.swift */,
			);
			path = Controllers;
			sourceTree = "<group>";
		};
		5E0F680E213A9F8500BD4193 /* Views */ = {
			isa = PBXGroup;
			children = (
				5EF4EE2821341B0900101E4E /* Main.storyboard */,
			);
			path = Views;
			sourceTree = "<group>";
		};
		5E0F680F213A9F9500BD4193 /* Supporting Files */ = {
			isa = PBXGroup;
			children = (
				5EF4EE2B21341B0B00101E4E /* Assets.xcassets */,
				5EF4EE2D21341B0B00101E4E /* LaunchScreen.storyboard */,
			);
			path = "Supporting Files";
			sourceTree = "<group>";
		};
		5EF4EE1821341B0900101E4E = {
			isa = PBXGroup;
			children = (
				5EF4EE2321341B0900101E4E /* Todoey */,
				5EF4EE2221341B0900101E4E /* Products */,
				E1021CA54FA9F52C7A7C02F2 /* Pods */,
				9C63F5E1642D1753EEAAD04D /* Frameworks */,
			);
			sourceTree = "<group>";
		};
		5EF4EE2221341B0900101E4E /* Products */ = {
			isa = PBXGroup;
			children = (
				5EF4EE2121341B0900101E4E /* Todoey.app */,
			);
			name = Products;
			sourceTree = "<group>";
		};
		5EF4EE2321341B0900101E4E /* Todoey */ = {
			isa = PBXGroup;
			children = (
				5EF4EE2421341B0900101E4E /* AppDelegate.swift */,
				5E0F680D213A9F7200BD4193 /* Controllers */,
				5E0F680C213A9F5900BD4193 /* Data Model */,
				5E0F680E213A9F8500BD4193 /* Views */,
				5E0F680F213A9F9500BD4193 /* Supporting Files */,
				5EF4EE3021341B0B00101E4E /* Info.plist */,
			);
			path = Todoey;
			sourceTree = "<group>";
		};
		9C63F5E1642D1753EEAAD04D /* Frameworks */ = {
			isa = PBXGroup;
			children = (
				304EF8D6BD2C345EE1E406BE /* Pods_Todoey.framework */,
			);
			name = Frameworks;
			sourceTree = "<group>";
		};
		E1021CA54FA9F52C7A7C02F2 /* Pods */ = {
			isa = PBXGroup;
			children = (
				A76123166CB120A3093C495A /* Pods-Todoey.debug.xcconfig */,
				CC2980261BC0002885CC7FD2 /* Pods-Todoey.release.xcconfig */,
			);
			name = Pods;
			sourceTree = "<group>";
		};
/* End PBXGroup section */

/* Begin PBXNativeTarget section */
		5EF4EE2021341B0900101E4E /* Todoey */ = {
			isa = PBXNativeTarget;
			buildConfigurationList = 5EF4EE3321341B0B00101E4E /* Build configuration list for PBXNativeTarget "Todoey" */;
			buildPhases = (
				F64F3CE469475328950B9149 /* [CP] Check Pods Manifest.lock */,
				5EF4EE1D21341B0900101E4E /* Sources */,
				5EF4EE1E21341B0900101E4E /* Frameworks */,
				5EF4EE1F21341B0900101E4E /* Resources */,
				9B064368F65B678C8C678500 /* [CP] Embed Pods Frameworks */,
			);
			buildRules = (
			);
			dependencies = (
			);
			name = Todoey;
			productName = Todoey;
			productReference = 5EF4EE2121341B0900101E4E /* Todoey.app */;
			productType = "com.apple.product-type.application";
		};
/* End PBXNativeTarget section */

/* Begin PBXProject section */
		5EF4EE1921341B0900101E4E /* Project object */ = {
			isa = PBXProject;
			attributes = {
				LastSwiftUpdateCheck = 0940;
				LastUpgradeCheck = 0940;
				ORGANIZATIONNAME = Dareniar;
				TargetAttributes = {
					5EF4EE2021341B0900101E4E = {
						CreatedOnToolsVersion = 9.4.1;
					};
				};
			};
			buildConfigurationList = 5EF4EE1C21341B0900101E4E /* Build configuration list for PBXProject "Todoey" */;
			compatibilityVersion = "Xcode 9.3";
			developmentRegion = en;
			hasScannedForEncodings = 0;
			knownRegions = (
				en,
				Base,
			);
			mainGroup = 5EF4EE1821341B0900101E4E;
			productRefGroup = 5EF4EE2221341B0900101E4E /* Products */;
			projectDirPath = "";
			projectRoot = "";
			targets = (
				5EF4EE2021341B0900101E4E /* Todoey */,
			);
		};
/* End PBXProject section */

/* Begin PBXResourcesBuildPhase section */
		5EF4EE1F21341B0900101E4E /* Resources */ = {
			isa = PBXResourcesBuildPhase;
			buildActionMask = 2147483647;
			files = (
				5EF4EE2F21341B0B00101E4E /* LaunchScreen.storyboard in Resources */,
				5EF4EE2C21341B0B00101E4E /* Assets.xcassets in Resources */,
				5EF4EE2A21341B0900101E4E /* Main.storyboard in Resources */,
			);
			runOnlyForDeploymentPostprocessing = 0;
		};
/* End PBXResourcesBuildPhase section */

/* Begin PBXShellScriptBuildPhase section */
		9B064368F65B678C8C678500 /* [CP] Embed Pods Frameworks */ = {
			isa = PBXShellScriptBuildPhase;
			buildActionMask = 2147483647;
			files = (
			);
			inputPaths = (
				"${SRCROOT}/Pods/Target Support Files/Pods-Todoey/Pods-Todoey-frameworks.sh",
				"${BUILT_PRODUCTS_DIR}/Realm/Realm.framework",
				"${BUILT_PRODUCTS_DIR}/RealmSwift/RealmSwift.framework",
			);
			name = "[CP] Embed Pods Frameworks";
			outputPaths = (
				"${TARGET_BUILD_DIR}/${FRAMEWORKS_FOLDER_PATH}/Realm.framework",
				"${TARGET_BUILD_DIR}/${FRAMEWORKS_FOLDER_PATH}/RealmSwift.framework",
			);
			runOnlyForDeploymentPostprocessing = 0;
			shellPath = /bin/sh;
			shellScript = "\"${SRCROOT}/Pods/Target Support Files/Pods-Todoey/Pods-Todoey-frameworks.sh\"\n";
			showEnvVarsInLog = 0;
		};
		F64F3CE469475328950B9149 /* [CP] Check Pods Manifest.lock */ = {
			isa = PBXShellScriptBuildPhase;
			buildActionMask = 2147483647;
			files = (
			);
			inputPaths = (
				"${PODS_PODFILE_DIR_PATH}/Podfile.lock",
				"${PODS_ROOT}/Manifest.lock",
			);
			name = "[CP] Check Pods Manifest.lock";
			outputPaths = (
				"$(DERIVED_FILE_DIR)/Pods-Todoey-checkManifestLockResult.txt",
			);
			runOnlyForDeploymentPostprocessing = 0;
			shellPath = /bin/sh;
			shellScript = "diff \"${PODS_PODFILE_DIR_PATH}/Podfile.lock\" \"${PODS_ROOT}/Manifest.lock\" > /dev/null\nif [ $? != 0 ] ; then\n    # print error to STDERR\n    echo \"error: The sandbox is not in sync with the Podfile.lock. Run 'pod install' or update your CocoaPods installation.\" >&2\n    exit 1\nfi\n# This output is used by Xcode 'outputs' to avoid re-running this script phase.\necho \"SUCCESS\" > \"${SCRIPT_OUTPUT_FILE_0}\"\n";
			showEnvVarsInLog = 0;
		};
/* End PBXShellScriptBuildPhase section */

/* Begin PBXSourcesBuildPhase section */
		5EF4EE1D21341B0900101E4E /* Sources */ = {
			isa = PBXSourcesBuildPhase;
			buildActionMask = 2147483647;
			files = (
				5E0F6839213D33DD00BD4193 /* Item.swift in Sources */,
				5E0F6835213C764F00BD4193 /* CategoryViewController.swift in Sources */,
				5EF4EE2721341B0900101E4E /* TodoListViewController.swift in Sources */,
				5EF4EE2521341B0900101E4E /* AppDelegate.swift in Sources */,
				5E0F683B213D33FC00BD4193 /* Category.swift in Sources */,
			);
			runOnlyForDeploymentPostprocessing = 0;
		};
/* End PBXSourcesBuildPhase section */

/* Begin PBXVariantGroup section */
		5EF4EE2821341B0900101E4E /* Main.storyboard */ = {
			isa = PBXVariantGroup;
			children = (
				5EF4EE2921341B0900101E4E /* Base */,
			);
			name = Main.storyboard;
			sourceTree = "<group>";
		};
		5EF4EE2D21341B0B00101E4E /* LaunchScreen.storyboard */ = {
			isa = PBXVariantGroup;
			children = (
				5EF4EE2E21341B0B00101E4E /* Base */,
			);
			name = LaunchScreen.storyboard;
			sourceTree = "<group>";
		};
/* End PBXVariantGroup section */

/* Begin XCBuildConfiguration section */
		5EF4EE3121341B0B00101E4E /* Debug */ = {
			isa = XCBuildConfiguration;
			buildSettings = {
				ALWAYS_SEARCH_USER_PATHS = NO;
				CLANG_ANALYZER_NONNULL = YES;
				CLANG_ANALYZER_NUMBER_OBJECT_CONVERSION = YES_AGGRESSIVE;
				CLANG_CXX_LANGUAGE_STANDARD = "gnu++14";
				CLANG_CXX_LIBRARY = "libc++";
				CLANG_ENABLE_MODULES = YES;
				CLANG_ENABLE_OBJC_ARC = YES;
				CLANG_ENABLE_OBJC_WEAK = YES;
				CLANG_WARN_BLOCK_CAPTURE_AUTORELEASING = YES;
				CLANG_WARN_BOOL_CONVERSION = YES;
				CLANG_WARN_COMMA = YES;
				CLANG_WARN_CONSTANT_CONVERSION = YES;
				CLANG_WARN_DEPRECATED_OBJC_IMPLEMENTATIONS = YES;
				CLANG_WARN_DIRECT_OBJC_ISA_USAGE = YES_ERROR;
				CLANG_WARN_DOCUMENTATION_COMMENTS = YES;
				CLANG_WARN_EMPTY_BODY = YES;
				CLANG_WARN_ENUM_CONVERSION = YES;
				CLANG_WARN_INFINITE_RECURSION = YES;
				CLANG_WARN_INT_CONVERSION = YES;
				CLANG_WARN_NON_LITERAL_NULL_CONVERSION = YES;
				CLANG_WARN_OBJC_IMPLICIT_RETAIN_SELF = YES;
				CLANG_WARN_OBJC_LITERAL_CONVERSION = YES;
				CLANG_WARN_OBJC_ROOT_CLASS = YES_ERROR;
				CLANG_WARN_RANGE_LOOP_ANALYSIS = YES;
				CLANG_WARN_STRICT_PROTOTYPES = YES;
				CLANG_WARN_SUSPICIOUS_MOVE = YES;
				CLANG_WARN_UNGUARDED_AVAILABILITY = YES_AGGRESSIVE;
				CLANG_WARN_UNREACHABLE_CODE = YES;
				CLANG_WARN__DUPLICATE_METHOD_MATCH = YES;
				CODE_SIGN_IDENTITY = "iPhone Developer";
				COPY_PHASE_STRIP = NO;
				DEBUG_INFORMATION_FORMAT = dwarf;
				ENABLE_STRICT_OBJC_MSGSEND = YES;
				ENABLE_TESTABILITY = YES;
				GCC_C_LANGUAGE_STANDARD = gnu11;
				GCC_DYNAMIC_NO_PIC = NO;
				GCC_NO_COMMON_BLOCKS = YES;
				GCC_OPTIMIZATION_LEVEL = 0;
				GCC_PREPROCESSOR_DEFINITIONS = (
					"DEBUG=1",
					"$(inherited)",
				);
				GCC_WARN_64_TO_32_BIT_CONVERSION = YES;
				GCC_WARN_ABOUT_RETURN_TYPE = YES_ERROR;
				GCC_WARN_UNDECLARED_SELECTOR = YES;
				GCC_WARN_UNINITIALIZED_AUTOS = YES_AGGRESSIVE;
				GCC_WARN_UNUSED_FUNCTION = YES;
				GCC_WARN_UNUSED_VARIABLE = YES;
				IPHONEOS_DEPLOYMENT_TARGET = 11.4;
				MTL_ENABLE_DEBUG_INFO = YES;
				ONLY_ACTIVE_ARCH = YES;
				SDKROOT = iphoneos;
				SWIFT_ACTIVE_COMPILATION_CONDITIONS = DEBUG;
				SWIFT_OPTIMIZATION_LEVEL = "-Onone";
			};
			name = Debug;
		};
		5EF4EE3221341B0B00101E4E /* Release */ = {
			isa = XCBuildConfiguration;
			buildSettings = {
				ALWAYS_SEARCH_USER_PATHS = NO;
				CLANG_ANALYZER_NONNULL = YES;
				CLANG_ANALYZER_NUMBER_OBJECT_CONVERSION = YES_AGGRESSIVE;
				CLANG_CXX_LANGUAGE_STANDARD = "gnu++14";
				CLANG_CXX_LIBRARY = "libc++";
				CLANG_ENABLE_MODULES = YES;
				CLANG_ENABLE_OBJC_ARC = YES;
				CLANG_ENABLE_OBJC_WEAK = YES;
				CLANG_WARN_BLOCK_CAPTURE_AUTORELEASING = YES;
				CLANG_WARN_BOOL_CONVERSION = YES;
				CLANG_WARN_COMMA = YES;
				CLANG_WARN_CONSTANT_CONVERSION = YES;
				CLANG_WARN_DEPRECATED_OBJC_IMPLEMENTATIONS = YES;
				CLANG_WARN_DIRECT_OBJC_ISA_USAGE = YES_ERROR;
				CLANG_WARN_DOCUMENTATION_COMMENTS = YES;
				CLANG_WARN_EMPTY_BODY = YES;
				CLANG_WARN_ENUM_CONVERSION = YES;
				CLANG_WARN_INFINITE_RECURSION = YES;
				CLANG_WARN_INT_CONVERSION = YES;
				CLANG_WARN_NON_LITERAL_NULL_CONVERSION = YES;
				CLANG_WARN_OBJC_IMPLICIT_RETAIN_SELF = YES;
				CLANG_WARN_OBJC_LITERAL_CONVERSION = YES;
				CLANG_WARN_OBJC_ROOT_CLASS = YES_ERROR;
				CLANG_WARN_RANGE_LOOP_ANALYSIS = YES;
				CLANG_WARN_STRICT_PROTOTYPES = YES;
				CLANG_WARN_SUSPICIOUS_MOVE = YES;
				CLANG_WARN_UNGUARDED_AVAILABILITY = YES_AGGRESSIVE;
				CLANG_WARN_UNREACHABLE_CODE = YES;
				CLANG_WARN__DUPLICATE_METHOD_MATCH = YES;
				CODE_SIGN_IDENTITY = "iPhone Developer";
				COPY_PHASE_STRIP = NO;
				DEBUG_INFORMATION_FORMAT = "dwarf-with-dsym";
				ENABLE_NS_ASSERTIONS = NO;
				ENABLE_STRICT_OBJC_MSGSEND = YES;
				GCC_C_LANGUAGE_STANDARD = gnu11;
				GCC_NO_COMMON_BLOCKS = YES;
				GCC_WARN_64_TO_32_BIT_CONVERSION = YES;
				GCC_WARN_ABOUT_RETURN_TYPE = YES_ERROR;
				GCC_WARN_UNDECLARED_SELECTOR = YES;
				GCC_WARN_UNINITIALIZED_AUTOS = YES_AGGRESSIVE;
				GCC_WARN_UNUSED_FUNCTION = YES;
				GCC_WARN_UNUSED_VARIABLE = YES;
				IPHONEOS_DEPLOYMENT_TARGET = 11.4;
				MTL_ENABLE_DEBUG_INFO = NO;
				SDKROOT = iphoneos;
				SWIFT_COMPILATION_MODE = wholemodule;
				SWIFT_OPTIMIZATION_LEVEL = "-O";
				VALIDATE_PRODUCT = YES;
			};
			name = Release;
		};
		5EF4EE3421341B0B00101E4E /* Debug */ = {
			isa = XCBuildConfiguration;
			baseConfigurationReference = A76123166CB120A3093C495A /* Pods-Todoey.debug.xcconfig */;
			buildSettings = {
				ASSETCATALOG_COMPILER_APPICON_NAME = AppIcon;
				CODE_SIGN_STYLE = Automatic;
				DEVELOPMENT_TEAM = FBFE6N5K5V;
				INFOPLIST_FILE = Todoey/Info.plist;
				LD_RUNPATH_SEARCH_PATHS = (
					"$(inherited)",
					"@executable_path/Frameworks",
				);
				PRODUCT_BUNDLE_IDENTIFIER = com.dareniar.Todoey;
				PRODUCT_NAME = "$(TARGET_NAME)";
				SWIFT_VERSION = 4.0;
				TARGETED_DEVICE_FAMILY = "1,2";
			};
			name = Debug;
		};
		5EF4EE3521341B0B00101E4E /* Release */ = {
			isa = XCBuildConfiguration;
			baseConfigurationReference = CC2980261BC0002885CC7FD2 /* Pods-Todoey.release.xcconfig */;
			buildSettings = {
				ASSETCATALOG_COMPILER_APPICON_NAME = AppIcon;
				CODE_SIGN_STYLE = Automatic;
				DEVELOPMENT_TEAM = FBFE6N5K5V;
				INFOPLIST_FILE = Todoey/Info.plist;
				LD_RUNPATH_SEARCH_PATHS = (
					"$(inherited)",
					"@executable_path/Frameworks",
				);
				PRODUCT_BUNDLE_IDENTIFIER = com.dareniar.Todoey;
				PRODUCT_NAME = "$(TARGET_NAME)";
				SWIFT_VERSION = 4.0;
				TARGETED_DEVICE_FAMILY = "1,2";
			};
			name = Release;
		};
/* End XCBuildConfiguration section */

/* Begin XCConfigurationList section */
		5EF4EE1C21341B0900101E4E /* Build configuration list for PBXProject "Todoey" */ = {
			isa = XCConfigurationList;
			buildConfigurations = (
				5EF4EE3121341B0B00101E4E /* Debug */,
				5EF4EE3221341B0B00101E4E /* Release */,
			);
			defaultConfigurationIsVisible = 0;
			defaultConfigurationName = Release;
		};
		5EF4EE3321341B0B00101E4E /* Build configuration list for PBXNativeTarget "Todoey" */ = {
			isa = XCConfigurationList;
			buildConfigurations = (
				5EF4EE3421341B0B00101E4E /* Debug */,
				5EF4EE3521341B0B00101E4E /* Release */,
			);
			defaultConfigurationIsVisible = 0;
			defaultConfigurationName = Release;
		};
/* End XCConfigurationList section */
	};
	rootObject = 5EF4EE1921341B0900101E4E /* Project object */;
}
